
Microsoft Visual Studio Solution File, Format Version 12.00
# Visual Studio Version 17
VisualStudioVersion = 17.11.35303.130
MinimumVisualStudioVersion = 10.0.40219.1
Project("{FAE04EC0-301F-11D3-BF4B-00C04F79EFBC}") = "KeyStrokes", "KeyStrokes\KeyStrokes.csproj", "{57CCCBB3-AD1D-41FF-B250-EE1BA0D0925D}"
EndProject
Global
	GlobalSection(SolutionConfigurationPlatforms) = preSolution
		Debug|Any CPU = Debug|Any CPU
		Release|Any CPU = Release|Any CPU
	EndGlobalSection
	GlobalSection(ProjectConfigurationPlatforms) = postSolution
		{57CCCBB3-AD1D-41FF-B250-EE1BA0D0925D}.Debug|Any CPU.ActiveCfg = Debug|Any CPU
		{57CCCBB3-AD1D-41FF-B250-EE1BA0D0925D}.Debug|Any CPU.Build.0 = Debug|Any CPU
		{57CCCBB3-AD1D-41FF-B250-EE1BA0D0925D}.Release|Any CPU.ActiveCfg = Release|Any CPU
		{57CCCBB3-AD1D-41FF-B250-EE1BA0D0925D}.Release|Any CPU.Build.0 = Release|Any CPU
	EndGlobalSection
	GlobalSection(SolutionProperties) = preSolution
		HideSolutionNode = FALSE
	EndGlobalSection
	GlobalSection(ExtensibilityGlobals) = postSolution
		SolutionGuid = {9C1133A3-CFEE-4933-B4A7-A0DFC03681BF}
	EndGlobalSection
EndGlobal
